
Microsoft Visual Studio Solution File, Format Version 12.00
# Visual Studio Version 17
VisualStudioVersion = 17.0.32112.339
MinimumVisualStudioVersion = 10.0.40219.1
Project("{FAE04EC0-301F-11D3-BF4B-00C04F79EFBC}") = "SpeechHelloWorld", "SpeechHelloWorld\SpeechHelloWorld.csproj", "{DB538B2F-839C-42CD-B4AA-8513499FE7DA}"
EndProject
Project("{FAE04EC0-301F-11D3-BF4B-00C04F79EFBC}") = "TextToSpeech", "TextToSpeech\TextToSpeech.csproj", "{ABE03B68-B7F8-4E67-BEA6-A1FE7AB9380F}"
EndProject
Project("{FAE04EC0-301F-11D3-BF4B-00C04F79EFBC}") = "SpeechHelloWorldAPI", "SpeechHelloWorldAPI\SpeechHelloWorldAPI.csproj", "{6ED7CBE5-582C-407D-BF7D-8BDE014260E3}"
EndProject
Global
	GlobalSection(SolutionConfigurationPlatforms) = preSolution
		Debug|Any CPU = Debug|Any CPU
		Release|Any CPU = Release|Any CPU
	EndGlobalSection
	GlobalSection(ProjectConfigurationPlatforms) = postSolution
		{DB538B2F-839C-42CD-B4AA-8513499FE7DA}.Debug|Any CPU.ActiveCfg = Debug|Any CPU
		{DB538B2F-839C-42CD-B4AA-8513499FE7DA}.Debug|Any CPU.Build.0 = Debug|Any CPU
		{DB538B2F-839C-42CD-B4AA-8513499FE7DA}.Release|Any CPU.ActiveCfg = Release|Any CPU
		{DB538B2F-839C-42CD-B4AA-8513499FE7DA}.Release|Any CPU.Build.0 = Release|Any CPU
		{ABE03B68-B7F8-4E67-BEA6-A1FE7AB9380F}.Debug|Any CPU.ActiveCfg = Debug|Any CPU
		{ABE03B68-B7F8-4E67-BEA6-A1FE7AB9380F}.Debug|Any CPU.Build.0 = Debug|Any CPU
		{ABE03B68-B7F8-4E67-BEA6-A1FE7AB9380F}.Release|Any CPU.ActiveCfg = Release|Any CPU
		{ABE03B68-B7F8-4E67-BEA6-A1FE7AB9380F}.Release|Any CPU.Build.0 = Release|Any CPU
		{6ED7CBE5-582C-407D-BF7D-8BDE014260E3}.Debug|Any CPU.ActiveCfg = Debug|Any CPU
		{6ED7CBE5-582C-407D-BF7D-8BDE014260E3}.Debug|Any CPU.Build.0 = Debug|Any CPU
		{6ED7CBE5-582C-407D-BF7D-8BDE014260E3}.Release|Any CPU.ActiveCfg = Release|Any CPU
		{6ED7CBE5-582C-407D-BF7D-8BDE014260E3}.Release|Any CPU.Build.0 = Release|Any CPU
	EndGlobalSection
	GlobalSection(SolutionProperties) = preSolution
		HideSolutionNode = FALSE
	EndGlobalSection
	GlobalSection(ExtensibilityGlobals) = postSolution
		SolutionGuid = {4C79B0D3-8B3F-4F86-9218-336F31365054}
	EndGlobalSection
EndGlobal
